# THIS IS AN AUTOGENERATED FILE. DO NOT EDIT THIS FILE DIRECTLY.
# yarn lockfile v1


"@babel/parser@^7.16.4":
  version "7.17.0"
  resolved "https://registry.npmjs.org/@babel/parser/-/parser-7.17.0.tgz"

"@ctrl/tinycolor@^3.4.0":
  version "3.4.0"
  resolved "https://registry.npmjs.org/@ctrl/tinycolor/-/tinycolor-3.4.0.tgz"

"@element-plus/icons-vue@^1.0.0":
  version "1.0.0"
  resolved "https://registry.npmjs.org/@element-plus/icons-vue/-/icons-vue-1.0.0.tgz"

"@esbuild/linux-loong64@0.14.54":
  version "0.14.54"
  resolved "https://registry.yarnpkg.com/@esbuild/linux-loong64/-/linux-loong64-0.14.54.tgz#de2a4be678bd4d0d1ffbb86e6de779cde5999028"

"@nodelib/fs.scandir@2.1.5":
  version "2.1.5"
  resolved "https://registry.npmjs.org/@nodelib/fs.scandir/-/fs.scandir-2.1.5.tgz"
  dependencies:
    "@nodelib/fs.stat" "2.0.5"
    run-parallel "^1.1.9"

"@nodelib/fs.stat@2.0.5", "@nodelib/fs.stat@^2.0.2":
  version "2.0.5"
  resolved "https://registry.npmjs.org/@nodelib/fs.stat/-/fs.stat-2.0.5.tgz"

"@nodelib/fs.walk@^1.2.3":
  version "1.2.8"
  resolved "https://registry.npmjs.org/@nodelib/fs.walk/-/fs.walk-1.2.8.tgz"
  dependencies:
    "@nodelib/fs.scandir" "2.1.5"
    fastq "^1.6.0"

"@popperjs/core@^2.11.2":
  version "2.11.2"
  resolved "https://registry.npmjs.org/@popperjs/core/-/core-2.11.2.tgz"

"@types/debug@^4.1.7":
  version "4.1.7"
  resolved "https://registry.npmjs.org/@types/debug/-/debug-4.1.7.tgz"
  dependencies:
    "@types/ms" "*"

"@types/fs-extra@^9.0.13":
  version "9.0.13"
  resolved "https://registry.npmjs.org/@types/fs-extra/-/fs-extra-9.0.13.tgz"
  dependencies:
    "@types/node" "*"

"@types/hash-sum@^1.0.0":
  version "1.0.0"
  resolved "https://registry.npmjs.org/@types/hash-sum/-/hash-sum-1.0.0.tgz"

"@types/linkify-it@*":
  version "3.0.2"
  resolved "https://registry.npmjs.org/@types/linkify-it/-/linkify-it-3.0.2.tgz"

"@types/markdown-it@^12.2.3":
  version "12.2.3"
  resolved "https://registry.npmjs.org/@types/markdown-it/-/markdown-it-12.2.3.tgz"
  dependencies:
    "@types/linkify-it" "*"
    "@types/mdurl" "*"

"@types/mdurl@*":
  version "1.0.2"
  resolved "https://registry.npmjs.org/@types/mdurl/-/mdurl-1.0.2.tgz"

"@types/ms@*":
  version "0.7.31"
  resolved "https://registry.npmjs.org/@types/ms/-/ms-0.7.31.tgz"

"@types/node@*":
  version "17.0.5"
  resolved "https://registry.npmjs.org/@types/node/-/node-17.0.5.tgz"

"@vitejs/plugin-vue@^2.1.0":
  version "2.1.0"
  resolved "https://registry.npmjs.org/@vitejs/plugin-vue/-/plugin-vue-2.1.0.tgz"

"@vue/compiler-core@3.2.44":
  version "3.2.44"
  resolved "https://registry.npmjs.org/@vue/compiler-core/-/compiler-core-3.2.44.tgz"
  dependencies:
    "@babel/parser" "^7.16.4"
    "@vue/shared" "3.2.44"
    estree-walker "^2.0.2"
    source-map "^0.6.1"

"@vue/compiler-dom@3.2.44":
  version "3.2.44"
  resolved "https://registry.npmjs.org/@vue/compiler-dom/-/compiler-dom-3.2.44.tgz"
  dependencies:
    "@vue/compiler-core" "3.2.44"
    "@vue/shared" "3.2.44"

"@vue/compiler-sfc@3.2.44", "@vue/compiler-sfc@^3.2.28":
  version "3.2.44"
  resolved "https://registry.npmjs.org/@vue/compiler-sfc/-/compiler-sfc-3.2.44.tgz"
  dependencies:
    "@babel/parser" "^7.16.4"
    "@vue/compiler-core" "3.2.44"
    "@vue/compiler-dom" "3.2.44"
    "@vue/compiler-ssr" "3.2.44"
    "@vue/reactivity-transform" "3.2.44"
    "@vue/shared" "3.2.44"
    estree-walker "^2.0.2"
    magic-string "^0.25.7"
    postcss "^8.1.10"
    source-map "^0.6.1"

"@vue/compiler-ssr@3.2.44":
  version "3.2.44"
  resolved "https://registry.npmjs.org/@vue/compiler-ssr/-/compiler-ssr-3.2.44.tgz"
  dependencies:
    "@vue/compiler-dom" "3.2.44"
    "@vue/shared" "3.2.44"

"@vue/devtools-api@^6.0.0-beta.18", "@vue/devtools-api@^6.0.0-beta.21.1":
  version "6.0.0-beta.21.1"
  resolved "https://registry.npmjs.org/@vue/devtools-api/-/devtools-api-6.0.0-beta.21.1.tgz"

"@vue/reactivity-transform@3.2.44":
  version "3.2.44"
  resolved "https://registry.npmjs.org/@vue/reactivity-transform/-/reactivity-transform-3.2.44.tgz"
  dependencies:
    "@babel/parser" "^7.16.4"
    "@vue/compiler-core" "3.2.44"
    "@vue/shared" "3.2.44"
    estree-walker "^2.0.2"
    magic-string "^0.25.7"

"@vue/reactivity@3.2.44":
  version "3.2.44"
  resolved "https://registry.npmjs.org/@vue/reactivity/-/reactivity-3.2.44.tgz"
  dependencies:
    "@vue/shared" "3.2.44"

"@vue/runtime-core@3.2.44":
  version "3.2.44"
  resolved "https://registry.npmjs.org/@vue/runtime-core/-/runtime-core-3.2.44.tgz"
  dependencies:
    "@vue/reactivity" "3.2.44"
    "@vue/shared" "3.2.44"

"@vue/runtime-dom@3.2.44":
  version "3.2.44"
  resolved "https://registry.npmjs.org/@vue/runtime-dom/-/runtime-dom-3.2.44.tgz"
  dependencies:
    "@vue/runtime-core" "3.2.44"
    "@vue/shared" "3.2.44"
    csstype "^2.6.8"

"@vue/server-renderer@3.2.44", "@vue/server-renderer@^3.2.28":
  version "3.2.44"
  resolved "https://registry.npmjs.org/@vue/server-renderer/-/server-renderer-3.2.44.tgz"
  dependencies:
    "@vue/compiler-ssr" "3.2.44"
    "@vue/shared" "3.2.44"

"@vue/shared@3.2.44", "@vue/shared@^3.2.28":
  version "3.2.44"
  resolved "https://registry.npmjs.org/@vue/shared/-/shared-3.2.44.tgz"

"@vuepress/bundler-vite@2.0.0-beta.36":
  version "2.0.0-beta.36"
  resolved "https://registry.npmjs.org/@vuepress/bundler-vite/-/bundler-vite-2.0.0-beta.36.tgz"
  dependencies:
    "@vitejs/plugin-vue" "^2.1.0"
    "@vue/compiler-sfc" "^3.2.28"
    "@vue/server-renderer" "^3.2.28"
    "@vuepress/client" "2.0.0-beta.35"
    "@vuepress/core" "2.0.0-beta.36"
    "@vuepress/shared" "2.0.0-beta.35"
    "@vuepress/utils" "2.0.0-beta.35"
    autoprefixer "^10.4.2"
    connect-history-api-fallback "^1.6.0"
    postcss "^8.4.5"
    postcss-csso "^6.0.0"
    rollup "^2.66.0"
    vite "^2.7.13"
    vue "^3.2.28"
    vue-router "^4.0.12"

"@vuepress/cli@2.0.0-beta.36":
  version "2.0.0-beta.36"
  resolved "https://registry.npmjs.org/@vuepress/cli/-/cli-2.0.0-beta.36.tgz"
  dependencies:
    "@vuepress/core" "2.0.0-beta.36"
    "@vuepress/utils" "2.0.0-beta.35"
    cac "^6.7.12"
    chokidar "^3.5.3"
    envinfo "^7.8.1"
    esbuild "^0.13.12"

"@vuepress/client@2.0.0-beta.35":
  version "2.0.0-beta.35"
  resolved "https://registry.npmjs.org/@vuepress/client/-/client-2.0.0-beta.35.tgz"
  dependencies:
    "@vue/devtools-api" "^6.0.0-beta.21.1"
    "@vuepress/shared" "2.0.0-beta.35"
    vue "^3.2.28"
    vue-router "^4.0.12"

"@vuepress/core@2.0.0-beta.36":
  version "2.0.0-beta.36"
  resolved "https://registry.npmjs.org/@vuepress/core/-/core-2.0.0-beta.36.tgz"
  dependencies:
    "@vuepress/client" "2.0.0-beta.35"
    "@vuepress/markdown" "2.0.0-beta.36"
    "@vuepress/shared" "2.0.0-beta.35"
    "@vuepress/utils" "2.0.0-beta.35"
    gray-matter "^4.0.3"
    toml "^3.0.0"

"@vuepress/markdown@2.0.0-beta.36":
  version "2.0.0-beta.36"
  resolved "https://registry.npmjs.org/@vuepress/markdown/-/markdown-2.0.0-beta.36.tgz"
  dependencies:
    "@types/markdown-it" "^12.2.3"
    "@vuepress/shared" "2.0.0-beta.35"
    "@vuepress/utils" "2.0.0-beta.35"
    markdown-it "^12.3.2"
    markdown-it-anchor "^8.4.1"
    markdown-it-emoji "^2.0.0"
    mdurl "^1.0.1"

"@vuepress/plugin-active-header-links@2.0.0-beta.36":
  version "2.0.0-beta.36"
  resolved "https://registry.npmjs.org/@vuepress/plugin-active-header-links/-/plugin-active-header-links-2.0.0-beta.36.tgz"
  dependencies:
    "@vuepress/client" "2.0.0-beta.35"
    "@vuepress/core" "2.0.0-beta.36"
    "@vuepress/utils" "2.0.0-beta.35"
    ts-debounce "^4.0.0"
    vue "^3.2.28"
    vue-router "^4.0.12"

"@vuepress/plugin-back-to-top@2.0.0-beta.36":
  version "2.0.0-beta.36"
  resolved "https://registry.npmjs.org/@vuepress/plugin-back-to-top/-/plugin-back-to-top-2.0.0-beta.36.tgz"
  dependencies:
    "@vuepress/core" "2.0.0-beta.36"
    "@vuepress/utils" "2.0.0-beta.35"
    ts-debounce "^4.0.0"
    vue "^3.2.28"

"@vuepress/plugin-container@2.0.0-beta.36":
  version "2.0.0-beta.36"
  resolved "https://registry.npmjs.org/@vuepress/plugin-container/-/plugin-container-2.0.0-beta.36.tgz"
  dependencies:
    "@types/markdown-it" "^12.2.3"
    "@vuepress/core" "2.0.0-beta.36"
    "@vuepress/markdown" "2.0.0-beta.36"
    "@vuepress/shared" "2.0.0-beta.35"
    "@vuepress/utils" "2.0.0-beta.35"
    markdown-it "^12.3.2"
    markdown-it-container "^3.0.0"

"@vuepress/plugin-external-link-icon@2.0.0-beta.36":
  version "2.0.0-beta.36"
  resolved "https://registry.npmjs.org/@vuepress/plugin-external-link-icon/-/plugin-external-link-icon-2.0.0-beta.36.tgz"
  dependencies:
    "@vuepress/client" "2.0.0-beta.35"
    "@vuepress/core" "2.0.0-beta.36"
    "@vuepress/markdown" "2.0.0-beta.36"
    "@vuepress/utils" "2.0.0-beta.35"
    vue "^3.2.28"

"@vuepress/plugin-git@2.0.0-beta.36":
  version "2.0.0-beta.36"
  resolved "https://registry.npmjs.org/@vuepress/plugin-git/-/plugin-git-2.0.0-beta.36.tgz"
  dependencies:
    "@vuepress/core" "2.0.0-beta.36"
    execa "^5.1.1"

"@vuepress/plugin-google-analytics@^2.0.0-beta.36":
  version "2.0.0-beta.36"
  resolved "https://registry.npmjs.org/@vuepress/plugin-google-analytics/-/plugin-google-analytics-2.0.0-beta.36.tgz"
  dependencies:
    "@vuepress/client" "2.0.0-beta.35"
    "@vuepress/core" "2.0.0-beta.36"
    "@vuepress/utils" "2.0.0-beta.35"

"@vuepress/plugin-medium-zoom@2.0.0-beta.36":
  version "2.0.0-beta.36"
  resolved "https://registry.npmjs.org/@vuepress/plugin-medium-zoom/-/plugin-medium-zoom-2.0.0-beta.36.tgz"
  dependencies:
    "@vuepress/client" "2.0.0-beta.35"
    "@vuepress/core" "2.0.0-beta.36"
    "@vuepress/utils" "2.0.0-beta.35"
    medium-zoom "^1.0.6"
    vue "^3.2.28"

"@vuepress/plugin-nprogress@2.0.0-beta.36":
  version "2.0.0-beta.36"
  resolved "https://registry.npmjs.org/@vuepress/plugin-nprogress/-/plugin-nprogress-2.0.0-beta.36.tgz"
  dependencies:
    "@vuepress/client" "2.0.0-beta.35"
    "@vuepress/core" "2.0.0-beta.36"
    "@vuepress/utils" "2.0.0-beta.35"
    nprogress "^0.2.0"
    vue "^3.2.28"
    vue-router "^4.0.12"

"@vuepress/plugin-palette@2.0.0-beta.36":
  version "2.0.0-beta.36"
  resolved "https://registry.npmjs.org/@vuepress/plugin-palette/-/plugin-palette-2.0.0-beta.36.tgz"
  dependencies:
    "@vuepress/core" "2.0.0-beta.36"
    "@vuepress/utils" "2.0.0-beta.35"
    chokidar "^3.5.3"

"@vuepress/plugin-prismjs@2.0.0-beta.36":
  version "2.0.0-beta.36"
  resolved "https://registry.npmjs.org/@vuepress/plugin-prismjs/-/plugin-prismjs-2.0.0-beta.36.tgz"
  dependencies:
    "@vuepress/core" "2.0.0-beta.36"
    prismjs "^1.26.0"

"@vuepress/plugin-search@2.0.0-beta.36":
  version "2.0.0-beta.36"
  resolved "https://registry.npmjs.org/@vuepress/plugin-search/-/plugin-search-2.0.0-beta.36.tgz"
  dependencies:
    "@vuepress/client" "2.0.0-beta.35"
    "@vuepress/core" "2.0.0-beta.36"
    "@vuepress/shared" "2.0.0-beta.35"
    "@vuepress/utils" "2.0.0-beta.35"
    chokidar "^3.5.3"
    vue "^3.2.28"
    vue-router "^4.0.12"

"@vuepress/plugin-shiki@2.0.0-beta.36":
  version "2.0.0-beta.36"
  resolved "https://registry.npmjs.org/@vuepress/plugin-shiki/-/plugin-shiki-2.0.0-beta.36.tgz"
  dependencies:
    "@vuepress/core" "2.0.0-beta.36"
    shiki "^0.10.0"

"@vuepress/plugin-theme-data@2.0.0-beta.36":
  version "2.0.0-beta.36"
  resolved "https://registry.npmjs.org/@vuepress/plugin-theme-data/-/plugin-theme-data-2.0.0-beta.36.tgz"
  dependencies:
    "@vue/devtools-api" "^6.0.0-beta.21.1"
    "@vuepress/client" "2.0.0-beta.35"
    "@vuepress/core" "2.0.0-beta.36"
    "@vuepress/shared" "2.0.0-beta.35"
    "@vuepress/utils" "2.0.0-beta.35"
    vue "^3.2.28"

"@vuepress/shared@2.0.0-beta.35":
  version "2.0.0-beta.35"
  resolved "https://registry.npmjs.org/@vuepress/shared/-/shared-2.0.0-beta.35.tgz"
  dependencies:
    "@vue/shared" "^3.2.28"

"@vuepress/theme-default@2.0.0-beta.36":
  version "2.0.0-beta.36"
  resolved "https://registry.npmjs.org/@vuepress/theme-default/-/theme-default-2.0.0-beta.36.tgz"
  dependencies:
    "@vuepress/client" "2.0.0-beta.35"
    "@vuepress/core" "2.0.0-beta.36"
    "@vuepress/plugin-active-header-links" "2.0.0-beta.36"
    "@vuepress/plugin-back-to-top" "2.0.0-beta.36"
    "@vuepress/plugin-container" "2.0.0-beta.36"
    "@vuepress/plugin-external-link-icon" "2.0.0-beta.36"
    "@vuepress/plugin-git" "2.0.0-beta.36"
    "@vuepress/plugin-medium-zoom" "2.0.0-beta.36"
    "@vuepress/plugin-nprogress" "2.0.0-beta.36"
    "@vuepress/plugin-palette" "2.0.0-beta.36"
    "@vuepress/plugin-prismjs" "2.0.0-beta.36"
    "@vuepress/plugin-theme-data" "2.0.0-beta.36"
    "@vuepress/shared" "2.0.0-beta.35"
    "@vuepress/utils" "2.0.0-beta.35"
    "@vueuse/core" "^7.5.4"
    sass "^1.49.0"
    sass-loader "^12.4.0"
    vue "^3.2.28"
    vue-router "^4.0.12"

"@vuepress/utils@2.0.0-beta.35":
  version "2.0.0-beta.35"
  resolved "https://registry.npmjs.org/@vuepress/utils/-/utils-2.0.0-beta.35.tgz"
  dependencies:
    "@types/debug" "^4.1.7"
    "@types/fs-extra" "^9.0.13"
    "@types/hash-sum" "^1.0.0"
    "@vuepress/shared" "2.0.0-beta.35"
    chalk "^4.1.2"
    debug "^4.3.3"
    fs-extra "^10.0.0"
    globby "^11.0.4"
    hash-sum "^2.0.0"
    ora "^5.4.1"
    upath "^2.0.1"

"@vueuse/core@^7.5.4", "@vueuse/core@^7.7.0":
  version "7.7.0"
  resolved "https://registry.npmjs.org/@vueuse/core/-/core-7.7.0.tgz"
  dependencies:
    "@vueuse/shared" "7.7.0"
    vue-demi "*"

"@vueuse/shared@7.7.0":
  version "7.7.0"
  resolved "https://registry.npmjs.org/@vueuse/shared/-/shared-7.7.0.tgz"
  dependencies:
    vue-demi "*"

ansi-regex@^5.0.1:
  version "5.0.1"
  resolved "https://registry.npmjs.org/ansi-regex/-/ansi-regex-5.0.1.tgz"

ansi-styles@^4.1.0:
  version "4.3.0"
  resolved "https://registry.npmjs.org/ansi-styles/-/ansi-styles-4.3.0.tgz"
  dependencies:
    color-convert "^2.0.1"

anymatch@~3.1.2:
  version "3.1.2"
  resolved "https://registry.npmjs.org/anymatch/-/anymatch-3.1.2.tgz"
  dependencies:
    normalize-path "^3.0.0"
    picomatch "^2.0.4"

argparse@^1.0.7:
  version "1.0.10"
  resolved "https://registry.npmjs.org/argparse/-/argparse-1.0.10.tgz"
  dependencies:
    sprintf-js "~1.0.2"

argparse@^2.0.1:
  version "2.0.1"
  resolved "https://registry.npmjs.org/argparse/-/argparse-2.0.1.tgz"

array-union@^2.1.0:
  version "2.1.0"
  resolved "https://registry.npmjs.org/array-union/-/array-union-2.1.0.tgz"

async-validator@^4.0.7:
  version "4.0.7"
  resolved "https://registry.npmjs.org/async-validator/-/async-validator-4.0.7.tgz"

autoprefixer@^10.4.2:
  version "10.4.2"
  resolved "https://registry.npmjs.org/autoprefixer/-/autoprefixer-10.4.2.tgz"
  dependencies:
    browserslist "^4.19.1"
    caniuse-lite "^1.0.30001297"
    fraction.js "^4.1.2"
    normalize-range "^0.1.2"
    picocolors "^1.0.0"
    postcss-value-parser "^4.2.0"

base64-js@^1.3.1:
  version "1.5.1"
  resolved "https://registry.npmjs.org/base64-js/-/base64-js-1.5.1.tgz"

binary-extensions@^2.0.0:
  version "2.2.0"
  resolved "https://registry.npmjs.org/binary-extensions/-/binary-extensions-2.2.0.tgz"

bl@^4.1.0:
  version "4.1.0"
  resolved "https://registry.npmjs.org/bl/-/bl-4.1.0.tgz"
  dependencies:
    buffer "^5.5.0"
    inherits "^2.0.4"
    readable-stream "^3.4.0"

braces@^3.0.1, braces@~3.0.2:
  version "3.0.2"
  resolved "https://registry.npmjs.org/braces/-/braces-3.0.2.tgz"
  dependencies:
    fill-range "^7.0.1"

browserslist@^4.19.1:
  version "4.19.1"
  resolved "https://registry.npmjs.org/browserslist/-/browserslist-4.19.1.tgz"
  dependencies:
    caniuse-lite "^1.0.30001286"
    electron-to-chromium "^1.4.17"
    escalade "^3.1.1"
    node-releases "^2.0.1"
    picocolors "^1.0.0"

buffer@^5.5.0:
  version "5.7.1"
  resolved "https://registry.npmjs.org/buffer/-/buffer-5.7.1.tgz"
  dependencies:
    base64-js "^1.3.1"
    ieee754 "^1.1.13"

cac@^6.7.12:
  version "6.7.12"
  resolved "https://registry.npmjs.org/cac/-/cac-6.7.12.tgz"

caniuse-lite@^1.0.30001286, caniuse-lite@^1.0.30001297:
  version "1.0.30001306"
  resolved "https://registry.npmjs.org/caniuse-lite/-/caniuse-lite-1.0.30001306.tgz"

chalk@^4.1.0, chalk@^4.1.2:
  version "4.1.2"
  resolved "https://registry.npmjs.org/chalk/-/chalk-4.1.2.tgz"
  dependencies:
    ansi-styles "^4.1.0"
    supports-color "^7.1.0"

"chokidar@>=3.0.0 <4.0.0", chokidar@^3.5.3:
  version "3.5.3"
  resolved "https://registry.npmjs.org/chokidar/-/chokidar-3.5.3.tgz"
  dependencies:
    anymatch "~3.1.2"
    braces "~3.0.2"
    glob-parent "~5.1.2"
    is-binary-path "~2.1.0"
    is-glob "~4.0.1"
    normalize-path "~3.0.0"
    readdirp "~3.6.0"
  optionalDependencies:
    fsevents "~2.3.2"

cli-cursor@^3.1.0:
  version "3.1.0"
  resolved "https://registry.npmjs.org/cli-cursor/-/cli-cursor-3.1.0.tgz"
  dependencies:
    restore-cursor "^3.1.0"

cli-spinners@^2.5.0:
  version "2.6.1"
  resolved "https://registry.npmjs.org/cli-spinners/-/cli-spinners-2.6.1.tgz"

clone@^1.0.2:
  version "1.0.4"
  resolved "https://registry.npmjs.org/clone/-/clone-1.0.4.tgz"
  integrity "sha1-2jCcwmPfFZlMaIypAheco8fNfH4= sha512-JQHZ2QMW6l3aH/j6xCqQThY/9OH4D/9ls34cgkUBiEeocRTU04tHfKPBsUK1PqZCUQM7GiA0IIXJSuXHI64Kbg=="

color-convert@^2.0.1:
  version "2.0.1"
  resolved "https://registry.npmjs.org/color-convert/-/color-convert-2.0.1.tgz"
  dependencies:
    color-name "~1.1.4"

color-name@~1.1.4:
  version "1.1.4"
  resolved "https://registry.npmjs.org/color-name/-/color-name-1.1.4.tgz"

connect-history-api-fallback@^1.6.0:
  version "1.6.0"
  resolved "https://registry.npmjs.org/connect-history-api-fallback/-/connect-history-api-fallback-1.6.0.tgz"

cross-spawn@^7.0.3:
  version "7.0.3"
  resolved "https://registry.npmjs.org/cross-spawn/-/cross-spawn-7.0.3.tgz"
  dependencies:
    path-key "^3.1.0"
    shebang-command "^2.0.0"
    which "^2.0.1"

css-tree@~2.0.4:
  version "2.0.4"
  resolved "https://registry.npmjs.org/css-tree/-/css-tree-2.0.4.tgz"
  dependencies:
    mdn-data "2.0.23"
    source-map-js "^1.0.1"

csso@^5.0.1:
  version "5.0.2"
  resolved "https://registry.npmjs.org/csso/-/csso-5.0.2.tgz"
  dependencies:
    css-tree "~2.0.4"

csstype@^2.6.8:
  version "2.6.19"
  resolved "https://registry.npmjs.org/csstype/-/csstype-2.6.19.tgz"

dayjs@^1.10.7:
  version "1.10.7"
  resolved "https://registry.npmjs.org/dayjs/-/dayjs-1.10.7.tgz"

debug@^4.3.3:
  version "4.3.3"
  resolved "https://registry.npmjs.org/debug/-/debug-4.3.3.tgz"
  dependencies:
    ms "2.1.2"

defaults@^1.0.3:
  version "1.0.3"
  resolved "https://registry.npmjs.org/defaults/-/defaults-1.0.3.tgz"
  integrity "sha1-xlYFHpgX2f8I7YgUd/P+QBnz730= sha512-s82itHOnYrN0Ib8r+z7laQz3sdE+4FP3d9Q7VLO7U+KRT+CR0GsWuyHxzdAY82I7cXv0G/twrqomTJLOssO5HA=="
  dependencies:
    clone "^1.0.2"

dir-glob@^3.0.1:
  version "3.0.1"
  resolved "https://registry.npmjs.org/dir-glob/-/dir-glob-3.0.1.tgz"
  dependencies:
    path-type "^4.0.0"

electron-to-chromium@^1.4.17:
  version "1.4.30"
  resolved "https://registry.npmjs.org/electron-to-chromium/-/electron-to-chromium-1.4.30.tgz"

element-plus@^2.0.4:
  version "2.0.4"
  resolved "https://registry.npmjs.org/element-plus/-/element-plus-2.0.4.tgz"
  dependencies:
    "@ctrl/tinycolor" "^3.4.0"
    "@element-plus/icons-vue" "^1.0.0"
    "@popperjs/core" "^2.11.2"
    "@vueuse/core" "^7.7.0"
    async-validator "^4.0.7"
    dayjs "^1.10.7"
    lodash "^4.17.21"
    lodash-es "^4.17.21"
    lodash-unified "^1.0.2"
    memoize-one "^6.0.0"
    normalize-wheel-es "^1.1.1"

entities@~2.1.0:
  version "2.1.0"
  resolved "https://registry.npmjs.org/entities/-/entities-2.1.0.tgz"

envinfo@^7.8.1:
  version "7.8.1"
  resolved "https://registry.npmjs.org/envinfo/-/envinfo-7.8.1.tgz"

esbuild-android-64@0.14.54:
  version "0.14.54"
  resolved "https://registry.yarnpkg.com/esbuild-android-64/-/esbuild-android-64-0.14.54.tgz#505f41832884313bbaffb27704b8bcaa2d8616be"

esbuild-android-arm64@0.13.15:
  version "0.13.15"
  resolved "https://registry.yarnpkg.com/esbuild-android-arm64/-/esbuild-android-arm64-0.13.15.tgz#3fc3ff0bab76fe35dd237476b5d2b32bb20a3d44"

esbuild-android-arm64@0.14.54:
  version "0.14.54"
  resolved "https://registry.yarnpkg.com/esbuild-android-arm64/-/esbuild-android-arm64-0.14.54.tgz#8ce69d7caba49646e009968fe5754a21a9871771"

esbuild-darwin-64@0.13.15:
  version "0.13.15"
  resolved "https://registry.yarnpkg.com/esbuild-darwin-64/-/esbuild-darwin-64-0.13.15.tgz#8e9169c16baf444eacec60d09b24d11b255a8e72"

esbuild-darwin-64@0.14.54:
  version "0.14.54"
  resolved "https://registry.yarnpkg.com/esbuild-darwin-64/-/esbuild-darwin-64-0.14.54.tgz#24ba67b9a8cb890a3c08d9018f887cc221cdda25"

esbuild-darwin-arm64@0.13.15:
  version "0.13.15"
  resolved "https://registry.npmjs.org/esbuild-darwin-arm64/-/esbuild-darwin-arm64-0.13.15.tgz"

esbuild-darwin-arm64@0.14.54:
  version "0.14.54"
  resolved "https://registry.yarnpkg.com/esbuild-darwin-arm64/-/esbuild-darwin-arm64-0.14.54.tgz#3f7cdb78888ee05e488d250a2bdaab1fa671bf73"

esbuild-freebsd-64@0.13.15:
  version "0.13.15"
  resolved "https://registry.yarnpkg.com/esbuild-freebsd-64/-/esbuild-freebsd-64-0.13.15.tgz#0b8b7eca1690c8ec94c75680c38c07269c1f4a85"

esbuild-freebsd-64@0.14.54:
  version "0.14.54"
  resolved "https://registry.yarnpkg.com/esbuild-freebsd-64/-/esbuild-freebsd-64-0.14.54.tgz#09250f997a56ed4650f3e1979c905ffc40bbe94d"

esbuild-freebsd-arm64@0.13.15:
  version "0.13.15"
  resolved "https://registry.yarnpkg.com/esbuild-freebsd-arm64/-/esbuild-freebsd-arm64-0.13.15.tgz#2e1a6c696bfdcd20a99578b76350b41db1934e52"

esbuild-freebsd-arm64@0.14.54:
  version "0.14.54"
  resolved "https://registry.yarnpkg.com/esbuild-freebsd-arm64/-/esbuild-freebsd-arm64-0.14.54.tgz#bafb46ed04fc5f97cbdb016d86947a79579f8e48"

esbuild-linux-32@0.13.15:
  version "0.13.15"
  resolved "https://registry.yarnpkg.com/esbuild-linux-32/-/esbuild-linux-32-0.13.15.tgz#6fd39f36fc66dd45b6b5f515728c7bbebc342a69"

esbuild-linux-32@0.14.54:
  version "0.14.54"
  resolved "https://registry.yarnpkg.com/esbuild-linux-32/-/esbuild-linux-32-0.14.54.tgz#e2a8c4a8efdc355405325033fcebeb941f781fe5"

esbuild-linux-64@0.13.15:
  version "0.13.15"
  resolved "https://registry.yarnpkg.com/esbuild-linux-64/-/esbuild-linux-64-0.13.15.tgz#9cb8e4bcd7574e67946e4ee5f1f1e12386bb6dd3"

esbuild-linux-64@0.14.54:
  version "0.14.54"
  resolved "https://registry.yarnpkg.com/esbuild-linux-64/-/esbuild-linux-64-0.14.54.tgz#de5fdba1c95666cf72369f52b40b03be71226652"

esbuild-linux-arm64@0.13.15:
  version "0.13.15"
  resolved "https://registry.yarnpkg.com/esbuild-linux-arm64/-/esbuild-linux-arm64-0.13.15.tgz#3891aa3704ec579a1b92d2a586122e5b6a2bfba1"

esbuild-linux-arm64@0.14.54:
  version "0.14.54"
  resolved "https://registry.yarnpkg.com/esbuild-linux-arm64/-/esbuild-linux-arm64-0.14.54.tgz#dae4cd42ae9787468b6a5c158da4c84e83b0ce8b"

esbuild-linux-arm@0.13.15:
  version "0.13.15"
  resolved "https://registry.yarnpkg.com/esbuild-linux-arm/-/esbuild-linux-arm-0.13.15.tgz#8a00e99e6a0c6c9a6b7f334841364d8a2b4aecfe"

esbuild-linux-arm@0.14.54:
  version "0.14.54"
  resolved "https://registry.yarnpkg.com/esbuild-linux-arm/-/esbuild-linux-arm-0.14.54.tgz#a2c1dff6d0f21dbe8fc6998a122675533ddfcd59"

esbuild-linux-mips64le@0.13.15:
  version "0.13.15"
  resolved "https://registry.yarnpkg.com/esbuild-linux-mips64le/-/esbuild-linux-mips64le-0.13.15.tgz#36b07cc47c3d21e48db3bb1f4d9ef8f46aead4f7"

esbuild-linux-mips64le@0.14.54:
  version "0.14.54"
  resolved "https://registry.yarnpkg.com/esbuild-linux-mips64le/-/esbuild-linux-mips64le-0.14.54.tgz#d9918e9e4cb972f8d6dae8e8655bf9ee131eda34"

esbuild-linux-ppc64le@0.13.15:
  version "0.13.15"
  resolved "https://registry.yarnpkg.com/esbuild-linux-ppc64le/-/esbuild-linux-ppc64le-0.13.15.tgz#f7e6bba40b9a11eb9dcae5b01550ea04670edad2"

esbuild-linux-ppc64le@0.14.54:
  version "0.14.54"
  resolved "https://registry.yarnpkg.com/esbuild-linux-ppc64le/-/esbuild-linux-ppc64le-0.14.54.tgz#3f9a0f6d41073fb1a640680845c7de52995f137e"

esbuild-linux-riscv64@0.14.54:
  version "0.14.54"
  resolved "https://registry.yarnpkg.com/esbuild-linux-riscv64/-/esbuild-linux-riscv64-0.14.54.tgz#618853c028178a61837bc799d2013d4695e451c8"

esbuild-linux-s390x@0.14.54:
  version "0.14.54"
  resolved "https://registry.yarnpkg.com/esbuild-linux-s390x/-/esbuild-linux-s390x-0.14.54.tgz#d1885c4c5a76bbb5a0fe182e2c8c60eb9e29f2a6"

esbuild-netbsd-64@0.13.15:
  version "0.13.15"
  resolved "https://registry.yarnpkg.com/esbuild-netbsd-64/-/esbuild-netbsd-64-0.13.15.tgz#a2fedc549c2b629d580a732d840712b08d440038"

esbuild-netbsd-64@0.14.54:
  version "0.14.54"
  resolved "https://registry.yarnpkg.com/esbuild-netbsd-64/-/esbuild-netbsd-64-0.14.54.tgz#69ae917a2ff241b7df1dbf22baf04bd330349e81"

esbuild-openbsd-64@0.13.15:
  version "0.13.15"
  resolved "https://registry.yarnpkg.com/esbuild-openbsd-64/-/esbuild-openbsd-64-0.13.15.tgz#b22c0e5806d3a1fbf0325872037f885306b05cd7"

esbuild-openbsd-64@0.14.54:
  version "0.14.54"
  resolved "https://registry.yarnpkg.com/esbuild-openbsd-64/-/esbuild-openbsd-64-0.14.54.tgz#db4c8495287a350a6790de22edea247a57c5d47b"

esbuild-sunos-64@0.13.15:
  version "0.13.15"
  resolved "https://registry.yarnpkg.com/esbuild-sunos-64/-/esbuild-sunos-64-0.13.15.tgz#d0b6454a88375ee8d3964daeff55c85c91c7cef4"

esbuild-sunos-64@0.14.54:
  version "0.14.54"
  resolved "https://registry.yarnpkg.com/esbuild-sunos-64/-/esbuild-sunos-64-0.14.54.tgz#54287ee3da73d3844b721c21bc80c1dc7e1bf7da"

esbuild-windows-32@0.13.15:
  version "0.13.15"
  resolved "https://registry.yarnpkg.com/esbuild-windows-32/-/esbuild-windows-32-0.13.15.tgz#c96d0b9bbb52f3303322582ef8e4847c5ad375a7"

esbuild-windows-32@0.14.54:
  version "0.14.54"
  resolved "https://registry.yarnpkg.com/esbuild-windows-32/-/esbuild-windows-32-0.14.54.tgz#f8aaf9a5667630b40f0fb3aa37bf01bbd340ce31"

esbuild-windows-64@0.13.15:
  version "0.13.15"
  resolved "https://registry.yarnpkg.com/esbuild-windows-64/-/esbuild-windows-64-0.13.15.tgz#1f79cb9b1e1bb02fb25cd414cb90d4ea2892c294"

esbuild-windows-64@0.14.54:
  version "0.14.54"
  resolved "https://registry.yarnpkg.com/esbuild-windows-64/-/esbuild-windows-64-0.14.54.tgz#bf54b51bd3e9b0f1886ffdb224a4176031ea0af4"

esbuild-windows-arm64@0.13.15:
  version "0.13.15"
  resolved "https://registry.yarnpkg.com/esbuild-windows-arm64/-/esbuild-windows-arm64-0.13.15.tgz#482173070810df22a752c686509c370c3be3b3c3"

esbuild-windows-arm64@0.14.54:
  version "0.14.54"
  resolved "https://registry.yarnpkg.com/esbuild-windows-arm64/-/esbuild-windows-arm64-0.14.54.tgz#937d15675a15e4b0e4fafdbaa3a01a776a2be982"

esbuild@^0.13.12:
  version "0.13.15"
  resolved "https://registry.npmjs.org/esbuild/-/esbuild-0.13.15.tgz"
  optionalDependencies:
    esbuild-android-arm64 "0.13.15"
    esbuild-darwin-64 "0.13.15"
    esbuild-darwin-arm64 "0.13.15"
    esbuild-freebsd-64 "0.13.15"
    esbuild-freebsd-arm64 "0.13.15"
    esbuild-linux-32 "0.13.15"
    esbuild-linux-64 "0.13.15"
    esbuild-linux-arm "0.13.15"
    esbuild-linux-arm64 "0.13.15"
    esbuild-linux-mips64le "0.13.15"
    esbuild-linux-ppc64le "0.13.15"
    esbuild-netbsd-64 "0.13.15"
    esbuild-openbsd-64 "0.13.15"
    esbuild-sunos-64 "0.13.15"
    esbuild-windows-32 "0.13.15"
    esbuild-windows-64 "0.13.15"
    esbuild-windows-arm64 "0.13.15"

esbuild@^0.14.27:
  version "0.14.54"
  resolved "https://registry.yarnpkg.com/esbuild/-/esbuild-0.14.54.tgz#8b44dcf2b0f1a66fc22459943dccf477535e9aa2"
  optionalDependencies:
    "@esbuild/linux-loong64" "0.14.54"
    esbuild-android-64 "0.14.54"
    esbuild-android-arm64 "0.14.54"
    esbuild-darwin-64 "0.14.54"
    esbuild-darwin-arm64 "0.14.54"
    esbuild-freebsd-64 "0.14.54"
    esbuild-freebsd-arm64 "0.14.54"
    esbuild-linux-32 "0.14.54"
    esbuild-linux-64 "0.14.54"
    esbuild-linux-arm "0.14.54"
    esbuild-linux-arm64 "0.14.54"
    esbuild-linux-mips64le "0.14.54"
    esbuild-linux-ppc64le "0.14.54"
    esbuild-linux-riscv64 "0.14.54"
    esbuild-linux-s390x "0.14.54"
    esbuild-netbsd-64 "0.14.54"
    esbuild-openbsd-64 "0.14.54"
    esbuild-sunos-64 "0.14.54"
    esbuild-windows-32 "0.14.54"
    esbuild-windows-64 "0.14.54"
    esbuild-windows-arm64 "0.14.54"

escalade@^3.1.1:
  version "3.1.1"
  resolved "https://registry.npmjs.org/escalade/-/escalade-3.1.1.tgz"

esprima@^4.0.0:
  version "4.0.1"
  resolved "https://registry.npmjs.org/esprima/-/esprima-4.0.1.tgz"

estree-walker@^2.0.2:
  version "2.0.2"
  resolved "https://registry.npmjs.org/estree-walker/-/estree-walker-2.0.2.tgz"

execa@^5.1.1:
  version "5.1.1"
  resolved "https://registry.npmjs.org/execa/-/execa-5.1.1.tgz"
  dependencies:
    cross-spawn "^7.0.3"
    get-stream "^6.0.0"
    human-signals "^2.1.0"
    is-stream "^2.0.0"
    merge-stream "^2.0.0"
    npm-run-path "^4.0.1"
    onetime "^5.1.2"
    signal-exit "^3.0.3"
    strip-final-newline "^2.0.0"

extend-shallow@^2.0.1:
  version "2.0.1"
  resolved "https://registry.npmjs.org/extend-shallow/-/extend-shallow-2.0.1.tgz"
  integrity "sha1-Ua99YUrZqfYQ6huvu5idaxxWiQ8= sha512-zCnTtlxNoAiDc3gqY2aYAWFx7XWWiasuF2K8Me5WbN8otHKTUKBwjPtNpRs/rbUZm7KxWAaNj7P1a/p52GbVug=="
  dependencies:
    is-extendable "^0.1.0"

fast-glob@^3.2.9:
  version "3.2.11"
  resolved "https://registry.npmjs.org/fast-glob/-/fast-glob-3.2.11.tgz"
  dependencies:
    "@nodelib/fs.stat" "^2.0.2"
    "@nodelib/fs.walk" "^1.2.3"
    glob-parent "^5.1.2"
    merge2 "^1.3.0"
    micromatch "^4.0.4"

fastq@^1.6.0:
  version "1.13.0"
  resolved "https://registry.npmjs.org/fastq/-/fastq-1.13.0.tgz"
  dependencies:
    reusify "^1.0.4"

fill-range@^7.0.1:
  version "7.0.1"
  resolved "https://registry.npmjs.org/fill-range/-/fill-range-7.0.1.tgz"
  dependencies:
    to-regex-range "^5.0.1"

fraction.js@^4.1.2:
  version "4.1.2"
  resolved "https://registry.npmjs.org/fraction.js/-/fraction.js-4.1.2.tgz"

fs-extra@^10.0.0:
  version "10.0.0"
  resolved "https://registry.npmjs.org/fs-extra/-/fs-extra-10.0.0.tgz"
  dependencies:
    graceful-fs "^4.2.0"
    jsonfile "^6.0.1"
    universalify "^2.0.0"

fsevents@~2.3.2:
  version "2.3.2"
  resolved "https://registry.yarnpkg.com/fsevents/-/fsevents-2.3.2.tgz#8a526f78b8fdf4623b709e0b975c52c24c02fd1a"

function-bind@^1.1.1:
  version "1.1.1"
  resolved "https://registry.yarnpkg.com/function-bind/-/function-bind-1.1.1.tgz#a56899d3ea3c9bab874bb9773b7c5ede92f4895d"

get-stream@^6.0.0:
  version "6.0.1"
  resolved "https://registry.npmjs.org/get-stream/-/get-stream-6.0.1.tgz"

glob-parent@^5.1.2, glob-parent@~5.1.2:
  version "5.1.2"
  resolved "https://registry.npmjs.org/glob-parent/-/glob-parent-5.1.2.tgz"
  dependencies:
    is-glob "^4.0.1"

globby@^11.0.4:
  version "11.1.0"
  resolved "https://registry.npmjs.org/globby/-/globby-11.1.0.tgz"
  dependencies:
    array-union "^2.1.0"
    dir-glob "^3.0.1"
    fast-glob "^3.2.9"
    ignore "^5.2.0"
    merge2 "^1.4.1"
    slash "^3.0.0"

graceful-fs@^4.1.6, graceful-fs@^4.2.0:
  version "4.2.9"
  resolved "https://registry.npmjs.org/graceful-fs/-/graceful-fs-4.2.9.tgz"

gray-matter@^4.0.3:
  version "4.0.3"
  resolved "https://registry.npmjs.org/gray-matter/-/gray-matter-4.0.3.tgz"
  dependencies:
    js-yaml "^3.13.1"
    kind-of "^6.0.2"
    section-matter "^1.0.0"
    strip-bom-string "^1.0.0"

has-flag@^4.0.0:
  version "4.0.0"
  resolved "https://registry.npmjs.org/has-flag/-/has-flag-4.0.0.tgz"

has@^1.0.3:
  version "1.0.3"
  resolved "https://registry.yarnpkg.com/has/-/has-1.0.3.tgz#722d7cbfc1f6aa8241f16dd814e011e1f41e8796"
  dependencies:
    function-bind "^1.1.1"

hash-sum@^2.0.0:
  version "2.0.0"
  resolved "https://registry.npmjs.org/hash-sum/-/hash-sum-2.0.0.tgz"

human-signals@^2.1.0:
  version "2.1.0"
  resolved "https://registry.npmjs.org/human-signals/-/human-signals-2.1.0.tgz"

ieee754@^1.1.13:
  version "1.2.1"
  resolved "https://registry.npmjs.org/ieee754/-/ieee754-1.2.1.tgz"

ignore@^5.2.0:
  version "5.2.0"
  resolved "https://registry.npmjs.org/ignore/-/ignore-5.2.0.tgz"

immutable@^4.0.0:
  version "4.0.0"
  resolved "https://registry.npmjs.org/immutable/-/immutable-4.0.0.tgz"

inherits@^2.0.3, inherits@^2.0.4:
  version "2.0.4"
  resolved "https://registry.npmjs.org/inherits/-/inherits-2.0.4.tgz"

is-binary-path@~2.1.0:
  version "2.1.0"
  resolved "https://registry.npmjs.org/is-binary-path/-/is-binary-path-2.1.0.tgz"
  dependencies:
    binary-extensions "^2.0.0"

is-core-module@^2.9.0:
  version "2.11.0"
  resolved "https://registry.yarnpkg.com/is-core-module/-/is-core-module-2.11.0.tgz#ad4cb3e3863e814523c96f3f58d26cc570ff0144"
  dependencies:
    has "^1.0.3"

is-extendable@^0.1.0:
  version "0.1.1"
  resolved "https://registry.npmjs.org/is-extendable/-/is-extendable-0.1.1.tgz"
  integrity "sha1-YrEQ4omkcUGOPsNqYX1HLjAd/Ik= sha512-5BMULNob1vgFX6EjQw5izWDxrecWK9AM72rugNr0TFldMOi0fj6Jk+zeKIt0xGj4cEfQIJth4w3OKWOJ4f+AFw=="

is-extglob@^2.1.1:
  version "2.1.1"
  resolved "https://registry.npmjs.org/is-extglob/-/is-extglob-2.1.1.tgz"
  integrity "sha1-qIwCU1eR8C7TfHahueqXc8gz+MI= sha512-SbKbANkN603Vi4jEZv49LeVJMn4yGwsbzZworEoyEiutsN3nJYdbO36zfhGJ6QEDpOZIFkDtnq5JRxmvl3jsoQ=="

is-glob@^4.0.1, is-glob@~4.0.1:
  version "4.0.3"
  resolved "https://registry.npmjs.org/is-glob/-/is-glob-4.0.3.tgz"
  dependencies:
    is-extglob "^2.1.1"

is-interactive@^1.0.0:
  version "1.0.0"
  resolved "https://registry.npmjs.org/is-interactive/-/is-interactive-1.0.0.tgz"

is-number@^7.0.0:
  version "7.0.0"
  resolved "https://registry.npmjs.org/is-number/-/is-number-7.0.0.tgz"

is-stream@^2.0.0:
  version "2.0.1"
  resolved "https://registry.npmjs.org/is-stream/-/is-stream-2.0.1.tgz"

is-unicode-supported@^0.1.0:
  version "0.1.0"
  resolved "https://registry.npmjs.org/is-unicode-supported/-/is-unicode-supported-0.1.0.tgz"

isexe@^2.0.0:
  version "2.0.0"
  resolved "https://registry.npmjs.org/isexe/-/isexe-2.0.0.tgz"
  integrity "sha1-6PvzdNxVb/iUehDcsFctYz8s+hA= sha512-RHxMLp9lnKHGHRng9QFhRCMbYAcVpn69smSGcq3f36xjgVVWThj4qqLbTLlq7Ssj8B+fIQ1EuCEGI2lKsyQeIw=="

js-yaml@^3.13.1:
  version "3.14.1"
  resolved "https://registry.npmjs.org/js-yaml/-/js-yaml-3.14.1.tgz"
  dependencies:
    argparse "^1.0.7"
    esprima "^4.0.0"

jsonc-parser@^3.0.0:
  version "3.0.0"
  resolved "https://registry.npmjs.org/jsonc-parser/-/jsonc-parser-3.0.0.tgz"

jsonfile@^6.0.1:
  version "6.1.0"
  resolved "https://registry.npmjs.org/jsonfile/-/jsonfile-6.1.0.tgz"
  dependencies:
    universalify "^2.0.0"
  optionalDependencies:
    graceful-fs "^4.1.6"

kind-of@^6.0.0, kind-of@^6.0.2:
  version "6.0.3"
  resolved "https://registry.npmjs.org/kind-of/-/kind-of-6.0.3.tgz"

klona@^2.0.4:
  version "2.0.5"
  resolved "https://registry.npmjs.org/klona/-/klona-2.0.5.tgz"

linkify-it@^3.0.1:
  version "3.0.3"
  resolved "https://registry.npmjs.org/linkify-it/-/linkify-it-3.0.3.tgz"
  dependencies:
    uc.micro "^1.0.1"

lodash-es@^4.17.21:
  version "4.17.21"
  resolved "https://registry.npmjs.org/lodash-es/-/lodash-es-4.17.21.tgz"

lodash-unified@^1.0.2:
  version "1.0.2"
  resolved "https://registry.npmjs.org/lodash-unified/-/lodash-unified-1.0.2.tgz"

lodash@^4.17.21:
  version "4.17.21"
  resolved "https://registry.npmjs.org/lodash/-/lodash-4.17.21.tgz"

log-symbols@^4.1.0:
  version "4.1.0"
  resolved "https://registry.npmjs.org/log-symbols/-/log-symbols-4.1.0.tgz"
  dependencies:
    chalk "^4.1.0"
    is-unicode-supported "^0.1.0"

magic-string@^0.25.7:
  version "0.25.7"
  resolved "https://registry.npmjs.org/magic-string/-/magic-string-0.25.7.tgz"
  dependencies:
    sourcemap-codec "^1.4.4"

markdown-it-anchor@^8.4.1:
  version "8.4.1"
  resolved "https://registry.npmjs.org/markdown-it-anchor/-/markdown-it-anchor-8.4.1.tgz"

markdown-it-container@^3.0.0:
  version "3.0.0"
  resolved "https://registry.npmjs.org/markdown-it-container/-/markdown-it-container-3.0.0.tgz"

markdown-it-emoji@^2.0.0:
  version "2.0.0"
  resolved "https://registry.npmjs.org/markdown-it-emoji/-/markdown-it-emoji-2.0.0.tgz"

markdown-it@^12.3.2:
  version "12.3.2"
  resolved "https://registry.npmjs.org/markdown-it/-/markdown-it-12.3.2.tgz"
  dependencies:
    argparse "^2.0.1"
    entities "~2.1.0"
    linkify-it "^3.0.1"
    mdurl "^1.0.1"
    uc.micro "^1.0.5"

mdn-data@2.0.23:
  version "2.0.23"
  resolved "https://registry.npmjs.org/mdn-data/-/mdn-data-2.0.23.tgz"

mdurl@^1.0.1:
  version "1.0.1"
  resolved "https://registry.npmjs.org/mdurl/-/mdurl-1.0.1.tgz"
  integrity "sha1-/oWy7HWlkDfyrf7BAP1sYBdhFS4= sha512-/sKlQJCBYVY9Ers9hqzKou4H6V5UWc/M59TH2dvkt+84itfnq7uFOMLpOiOS4ujvHP4etln18fmIxA5R5fll0g=="

medium-zoom@^1.0.6:
  version "1.0.6"
  resolved "https://registry.npmjs.org/medium-zoom/-/medium-zoom-1.0.6.tgz"

memoize-one@^6.0.0:
  version "6.0.0"
  resolved "https://registry.npmjs.org/memoize-one/-/memoize-one-6.0.0.tgz"

merge-stream@^2.0.0:
  version "2.0.0"
  resolved "https://registry.npmjs.org/merge-stream/-/merge-stream-2.0.0.tgz"

merge2@^1.3.0, merge2@^1.4.1:
  version "1.4.1"
  resolved "https://registry.npmjs.org/merge2/-/merge2-1.4.1.tgz"

micromatch@^4.0.4:
  version "4.0.4"
  resolved "https://registry.npmjs.org/micromatch/-/micromatch-4.0.4.tgz"
  dependencies:
    braces "^3.0.1"
    picomatch "^2.2.3"

mimic-fn@^2.1.0:
  version "2.1.0"
  resolved "https://registry.npmjs.org/mimic-fn/-/mimic-fn-2.1.0.tgz"

ms@2.1.2:
  version "2.1.2"
  resolved "https://registry.npmjs.org/ms/-/ms-2.1.2.tgz"

nanoid@^3.3.4:
  version "3.3.4"
  resolved "https://registry.yarnpkg.com/nanoid/-/nanoid-3.3.4.tgz#730b67e3cd09e2deacf03c027c81c9d9dbc5e8ab"

neo-async@^2.6.2:
  version "2.6.2"
  resolved "https://registry.npmjs.org/neo-async/-/neo-async-2.6.2.tgz"

node-releases@^2.0.1:
  version "2.0.1"
  resolved "https://registry.npmjs.org/node-releases/-/node-releases-2.0.1.tgz"

normalize-path@^3.0.0, normalize-path@~3.0.0:
  version "3.0.0"
  resolved "https://registry.npmjs.org/normalize-path/-/normalize-path-3.0.0.tgz"

normalize-range@^0.1.2:
  version "0.1.2"
  resolved "https://registry.npmjs.org/normalize-range/-/normalize-range-0.1.2.tgz"
  integrity "sha1-LRDAa9/TEuqXd2laTShDlFa3WUI= sha512-bdok/XvKII3nUpklnV6P2hxtMNrCboOjAcyBuQnWEhO665FwrSNRxU+AqpsyvO6LgGYPspN+lu5CLtw4jPRKNA=="

normalize-wheel-es@^1.1.1:
  version "1.1.1"
  resolved "https://registry.npmjs.org/normalize-wheel-es/-/normalize-wheel-es-1.1.1.tgz"

npm-run-path@^4.0.1:
  version "4.0.1"
  resolved "https://registry.npmjs.org/npm-run-path/-/npm-run-path-4.0.1.tgz"
  dependencies:
    path-key "^3.0.0"

nprogress@^0.2.0:
  version "0.2.0"
  resolved "https://registry.npmjs.org/nprogress/-/nprogress-0.2.0.tgz"
  integrity "sha1-y480xTIT2JVyP8urkH6UIq28r7E= sha512-I19aIingLgR1fmhftnbWWO3dXc0hSxqHQHQb3H8m+K3TnEn/iSeTZZOyvKXWqQESMwuUVnatlCnZdLBZZt2VSA=="

onetime@^5.1.0, onetime@^5.1.2:
  version "5.1.2"
  resolved "https://registry.npmjs.org/onetime/-/onetime-5.1.2.tgz"
  dependencies:
    mimic-fn "^2.1.0"

ora@^5.4.1:
  version "5.4.1"
  resolved "https://registry.npmjs.org/ora/-/ora-5.4.1.tgz"
  dependencies:
    bl "^4.1.0"
    chalk "^4.1.0"
    cli-cursor "^3.1.0"
    cli-spinners "^2.5.0"
    is-interactive "^1.0.0"
    is-unicode-supported "^0.1.0"
    log-symbols "^4.1.0"
    strip-ansi "^6.0.0"
    wcwidth "^1.0.1"

path-key@^3.0.0, path-key@^3.1.0:
  version "3.1.1"
  resolved "https://registry.npmjs.org/path-key/-/path-key-3.1.1.tgz"

path-parse@^1.0.7:
  version "1.0.7"
  resolved "https://registry.yarnpkg.com/path-parse/-/path-parse-1.0.7.tgz#fbc114b60ca42b30d9daf5858e4bd68bbedb6735"

path-type@^4.0.0:
  version "4.0.0"
  resolved "https://registry.npmjs.org/path-type/-/path-type-4.0.0.tgz"

picocolors@^1.0.0:
  version "1.0.0"
  resolved "https://registry.yarnpkg.com/picocolors/-/picocolors-1.0.0.tgz#cb5bdc74ff3f51892236eaf79d68bc44564ab81c"

picomatch@^2.0.4, picomatch@^2.2.1, picomatch@^2.2.3:
  version "2.3.0"
  resolved "https://registry.npmjs.org/picomatch/-/picomatch-2.3.0.tgz"

postcss-csso@^6.0.0:
  version "6.0.0"
  resolved "https://registry.npmjs.org/postcss-csso/-/postcss-csso-6.0.0.tgz"
  dependencies:
    csso "^5.0.1"

postcss-value-parser@^4.2.0:
  version "4.2.0"
  resolved "https://registry.npmjs.org/postcss-value-parser/-/postcss-value-parser-4.2.0.tgz"

postcss@^8.1.10, postcss@^8.4.13, postcss@^8.4.5:
  version "8.4.20"
  resolved "https://registry.yarnpkg.com/postcss/-/postcss-8.4.20.tgz#64c52f509644cecad8567e949f4081d98349dc56"
  dependencies:
    nanoid "^3.3.4"
    picocolors "^1.0.0"
    source-map-js "^1.0.2"

prismjs@^1.26.0:
  version "1.27.0"
  resolved "https://registry.npmjs.org/prismjs/-/prismjs-1.27.0.tgz"

queue-microtask@^1.2.2:
  version "1.2.3"
  resolved "https://registry.npmjs.org/queue-microtask/-/queue-microtask-1.2.3.tgz"

readable-stream@^3.4.0:
  version "3.6.0"
  resolved "https://registry.npmjs.org/readable-stream/-/readable-stream-3.6.0.tgz"
  dependencies:
    inherits "^2.0.3"
    string_decoder "^1.1.1"
    util-deprecate "^1.0.1"

readdirp@~3.6.0:
  version "3.6.0"
  resolved "https://registry.npmjs.org/readdirp/-/readdirp-3.6.0.tgz"
  dependencies:
    picomatch "^2.2.1"

resolve@^1.22.0:
  version "1.22.1"
  resolved "https://registry.yarnpkg.com/resolve/-/resolve-1.22.1.tgz#27cb2ebb53f91abb49470a928bba7558066ac177"
  dependencies:
    is-core-module "^2.9.0"
    path-parse "^1.0.7"
    supports-preserve-symlinks-flag "^1.0.0"

restore-cursor@^3.1.0:
  version "3.1.0"
  resolved "https://registry.npmjs.org/restore-cursor/-/restore-cursor-3.1.0.tgz"
  dependencies:
    onetime "^5.1.0"
    signal-exit "^3.0.2"

reusify@^1.0.4:
  version "1.0.4"
  resolved "https://registry.npmjs.org/reusify/-/reusify-1.0.4.tgz"

"rollup@>=2.59.0 <2.78.0", rollup@^2.66.0:
  version "2.77.3"
  resolved "https://registry.yarnpkg.com/rollup/-/rollup-2.77.3.tgz#8f00418d3a2740036e15deb653bed1a90ee0cc12"
  optionalDependencies:
    fsevents "~2.3.2"

run-parallel@^1.1.9:
  version "1.2.0"
  resolved "https://registry.npmjs.org/run-parallel/-/run-parallel-1.2.0.tgz"
  dependencies:
    queue-microtask "^1.2.2"

safe-buffer@~5.2.0:
  version "5.2.1"
  resolved "https://registry.npmjs.org/safe-buffer/-/safe-buffer-5.2.1.tgz"

sass-loader@^12.4.0:
  version "12.4.0"
  resolved "https://registry.npmjs.org/sass-loader/-/sass-loader-12.4.0.tgz"
  dependencies:
    klona "^2.0.4"
    neo-async "^2.6.2"

sass@^1.49.0:
  version "1.49.7"
  resolved "https://registry.npmjs.org/sass/-/sass-1.49.7.tgz"
  dependencies:
    chokidar ">=3.0.0 <4.0.0"
    immutable "^4.0.0"
    source-map-js ">=0.6.2 <2.0.0"

section-matter@^1.0.0:
  version "1.0.0"
  resolved "https://registry.npmjs.org/section-matter/-/section-matter-1.0.0.tgz"
  dependencies:
    extend-shallow "^2.0.1"
    kind-of "^6.0.0"

shebang-command@^2.0.0:
  version "2.0.0"
  resolved "https://registry.npmjs.org/shebang-command/-/shebang-command-2.0.0.tgz"
  dependencies:
    shebang-regex "^3.0.0"

shebang-regex@^3.0.0:
  version "3.0.0"
  resolved "https://registry.npmjs.org/shebang-regex/-/shebang-regex-3.0.0.tgz"

shiki@^0.10.0:
  version "0.10.1"
  resolved "https://registry.npmjs.org/shiki/-/shiki-0.10.1.tgz"
  dependencies:
    jsonc-parser "^3.0.0"
    vscode-oniguruma "^1.6.1"
    vscode-textmate "5.2.0"

signal-exit@^3.0.2, signal-exit@^3.0.3:
  version "3.0.6"
  resolved "https://registry.npmjs.org/signal-exit/-/signal-exit-3.0.6.tgz"

slash@^3.0.0:
  version "3.0.0"
  resolved "https://registry.npmjs.org/slash/-/slash-3.0.0.tgz"

"source-map-js@>=0.6.2 <2.0.0", source-map-js@^1.0.1, source-map-js@^1.0.2:
  version "1.0.2"
  resolved "https://registry.yarnpkg.com/source-map-js/-/source-map-js-1.0.2.tgz#adbc361d9c62df380125e7f161f71c826f1e490c"

source-map@^0.6.1:
  version "0.6.1"
  resolved "https://registry.npmjs.org/source-map/-/source-map-0.6.1.tgz"

sourcemap-codec@^1.4.4:
  version "1.4.8"
  resolved "https://registry.npmjs.org/sourcemap-codec/-/sourcemap-codec-1.4.8.tgz"

sprintf-js@~1.0.2:
  version "1.0.3"
  resolved "https://registry.npmjs.org/sprintf-js/-/sprintf-js-1.0.3.tgz"
  integrity "sha1-BOaSb2YolTVPPdAVIDYzuFcpfiw= sha512-D9cPgkvLlV3t3IzL0D0YLvGA9Ahk4PcvVwUbN0dSGr1aP0Nrt4AEnTUbuGvquEC0mA64Gqt1fzirlRs5ibXx8g=="

string_decoder@^1.1.1:
  version "1.3.0"
  resolved "https://registry.npmjs.org/string_decoder/-/string_decoder-1.3.0.tgz"
  dependencies:
    safe-buffer "~5.2.0"

strip-ansi@^6.0.0:
  version "6.0.1"
  resolved "https://registry.npmjs.org/strip-ansi/-/strip-ansi-6.0.1.tgz"
  dependencies:
    ansi-regex "^5.0.1"

strip-bom-string@^1.0.0:
  version "1.0.0"
  resolved "https://registry.npmjs.org/strip-bom-string/-/strip-bom-string-1.0.0.tgz"
  integrity "sha1-5SEekiQ2n7uB1jOi8ABE3IztrZI= sha512-uCC2VHvQRYu+lMh4My/sFNmF2klFymLX1wHJeXnbEJERpV/ZsVuonzerjfrGpIGF7LBVa1O7i9kjiWvJiFck8g=="

strip-final-newline@^2.0.0:
  version "2.0.0"
  resolved "https://registry.npmjs.org/strip-final-newline/-/strip-final-newline-2.0.0.tgz"

supports-color@^7.1.0:
  version "7.2.0"
  resolved "https://registry.npmjs.org/supports-color/-/supports-color-7.2.0.tgz"
  dependencies:
    has-flag "^4.0.0"

supports-preserve-symlinks-flag@^1.0.0:
  version "1.0.0"
  resolved "https://registry.yarnpkg.com/supports-preserve-symlinks-flag/-/supports-preserve-symlinks-flag-1.0.0.tgz#6eda4bd344a3c94aea376d4cc31bc77311039e09"

to-regex-range@^5.0.1:
  version "5.0.1"
  resolved "https://registry.npmjs.org/to-regex-range/-/to-regex-range-5.0.1.tgz"
  dependencies:
    is-number "^7.0.0"

toml@^3.0.0:
  version "3.0.0"
  resolved "https://registry.npmjs.org/toml/-/toml-3.0.0.tgz"

ts-debounce@^4.0.0:
  version "4.0.0"
  resolved "https://registry.npmjs.org/ts-debounce/-/ts-debounce-4.0.0.tgz"

uc.micro@^1.0.1, uc.micro@^1.0.5:
  version "1.0.6"
  resolved "https://registry.npmjs.org/uc.micro/-/uc.micro-1.0.6.tgz"

universalify@^2.0.0:
  version "2.0.0"
  resolved "https://registry.npmjs.org/universalify/-/universalify-2.0.0.tgz"

upath@^2.0.1:
  version "2.0.1"
  resolved "https://registry.npmjs.org/upath/-/upath-2.0.1.tgz"

util-deprecate@^1.0.1:
  version "1.0.2"
  resolved "https://registry.npmjs.org/util-deprecate/-/util-deprecate-1.0.2.tgz"
  integrity "sha1-RQ1Nyfpw3nMnYvvS1KKJgUGaDM8= sha512-EPD5q1uXyFxJpCrLnCc1nHnq3gOa6DZBocAIiI2TaSCA7VCJ1UJDMagCzIkXNsUYfD1daK//LTEQ8xiIbrHtcw=="

vite@^2.7.13:
  version "2.9.15"
  resolved "https://registry.yarnpkg.com/vite/-/vite-2.9.15.tgz#2858dd5b2be26aa394a283e62324281892546f0b"
  dependencies:
    esbuild "^0.14.27"
    postcss "^8.4.13"
    resolve "^1.22.0"
    rollup ">=2.59.0 <2.78.0"
  optionalDependencies:
    fsevents "~2.3.2"

vscode-oniguruma@^1.6.1:
  version "1.6.1"
  resolved "https://registry.npmjs.org/vscode-oniguruma/-/vscode-oniguruma-1.6.1.tgz"

vscode-textmate@5.2.0:
  version "5.2.0"
  resolved "https://registry.npmjs.org/vscode-textmate/-/vscode-textmate-5.2.0.tgz"

vue-demi@*:
  version "0.12.1"
  resolved "https://registry.npmjs.org/vue-demi/-/vue-demi-0.12.1.tgz"

vue-router@^4.0.12:
  version "4.0.12"
  resolved "https://registry.npmjs.org/vue-router/-/vue-router-4.0.12.tgz"
  dependencies:
    "@vue/devtools-api" "^6.0.0-beta.18"

vue@^3.2.28:
  version "3.2.44"
  resolved "https://registry.npmjs.org/vue/-/vue-3.2.44.tgz"
  dependencies:
    "@vue/compiler-dom" "3.2.44"
    "@vue/compiler-sfc" "3.2.44"
    "@vue/runtime-dom" "3.2.44"
    "@vue/server-renderer" "3.2.44"
    "@vue/shared" "3.2.44"

vuepress-vite@2.0.0-beta.36:
  version "2.0.0-beta.36"
  resolved "https://registry.npmjs.org/vuepress-vite/-/vuepress-vite-2.0.0-beta.36.tgz"
  dependencies:
    "@vuepress/bundler-vite" "2.0.0-beta.36"
    "@vuepress/cli" "2.0.0-beta.36"
    "@vuepress/core" "2.0.0-beta.36"
    "@vuepress/theme-default" "2.0.0-beta.36"

vuepress@2.0.0-beta.36:
  version "2.0.0-beta.36"
  resolved "https://registry.npmjs.org/vuepress/-/vuepress-2.0.0-beta.36.tgz"
  dependencies:
    vuepress-vite "2.0.0-beta.36"

wcwidth@^1.0.1:
  version "1.0.1"
  resolved "https://registry.npmjs.org/wcwidth/-/wcwidth-1.0.1.tgz"
  integrity "sha1-8LDc+RW8X/FSivrbLA4XtTLaL+g= sha512-XHPEwS0q6TaxcvG85+8EYkbiCux2XtWG2mkc47Ng2A77BQu9+DqIOJldST4HgPkuea7dvKSj5VgX3P1d4rW8Tg=="
  dependencies:
    defaults "^1.0.3"

which@^2.0.1:
  version "2.0.2"
  resolved "https://registry.npmjs.org/which/-/which-2.0.2.tgz"
  dependencies:
    isexe "^2.0.0"
